
Microsoft Visual Studio Solution File, Format Version 12.00
# Visual Studio Version 17
VisualStudioVersion = 17.5.33530.505
MinimumVisualStudioVersion = 10.0.40219.1
Project("{9A19103F-16F7-4668-BE54-9A1E7A4F7556}") = "verzel-test-api", "verzel-test-api.csproj", "{A6AA57AA-8250-47A6-AD7A-F72ECA186A2B}"
EndProject
Project("{2150E333-8FDC-42A3-9474-1A3956D46DE8}") = "1 - API", "1 - API", "{73285021-84A7-4D14-8626-269273587D5E}"
EndProject
Project("{2150E333-8FDC-42A3-9474-1A3956D46DE8}") = "0 - Config", "0 - Config", "{5C5C2290-CB31-4426-80A9-77BFFA0EAB5B}"
EndProject
Project("{9A19103F-16F7-4668-BE54-9A1E7A4F7556}") = "verzel-test-api.config", "verzel-test-api.config\verzel-test-api.config.csproj", "{1248DBEE-DF23-4D09-8CC4-1D75BA08064A}"
EndProject
Project("{2150E333-8FDC-42A3-9474-1A3956D46DE8}") = "2 - Infra", "2 - Infra", "{6A7C0173-25BC-4AA2-92B6-E2865D21889E}"
EndProject
Project("{9A19103F-16F7-4668-BE54-9A1E7A4F7556}") = "verzel-test-api.infra", "verzel-test-api.infra\verzel-test-api.infra.csproj", "{6EBBE4AB-1FB0-4F47-9420-EC46AC2A68C6}"
EndProject
Project("{2150E333-8FDC-42A3-9474-1A3956D46DE8}") = "3 - Domain", "3 - Domain", "{0063C7C9-737A-4A3D-B741-79336292AC7E}"
EndProject
Project("{9A19103F-16F7-4668-BE54-9A1E7A4F7556}") = "verzel-test-api.domain", "verzel-test-api.domain\verzel-test-api.domain.csproj", "{8A523857-0A62-4412-91B6-D80483C560DF}"
EndProject
Project("{2150E333-8FDC-42A3-9474-1A3956D46DE8}") = "4 - Business", "4 - Business", "{9D54C1B8-C070-4796-BFF5-74EC6A15C118}"
EndProject
Project("{9A19103F-16F7-4668-BE54-9A1E7A4F7556}") = "verzel-test-api.business", "verzel-test-api.business\verzel-test-api.business.csproj", "{B1AEF5E5-A968-4E65-B431-3A4F8191C4B7}"
EndProject
Project("{2150E333-8FDC-42A3-9474-1A3956D46DE8}") = "Itens de Solução", "Itens de Solução", "{148D4901-720E-42E7-A1D4-E653CBCC3485}"
	ProjectSection(SolutionItems) = preProject
		README.md = README.md
	EndProjectSection
EndProject
Global
	GlobalSection(SolutionConfigurationPlatforms) = preSolution
		Debug|Any CPU = Debug|Any CPU
		Release|Any CPU = Release|Any CPU
	EndGlobalSection
	GlobalSection(ProjectConfigurationPlatforms) = postSolution
		{A6AA57AA-8250-47A6-AD7A-F72ECA186A2B}.Debug|Any CPU.ActiveCfg = Debug|Any CPU
		{A6AA57AA-8250-47A6-AD7A-F72ECA186A2B}.Debug|Any CPU.Build.0 = Debug|Any CPU
		{A6AA57AA-8250-47A6-AD7A-F72ECA186A2B}.Release|Any CPU.ActiveCfg = Release|Any CPU
		{A6AA57AA-8250-47A6-AD7A-F72ECA186A2B}.Release|Any CPU.Build.0 = Release|Any CPU
		{1248DBEE-DF23-4D09-8CC4-1D75BA08064A}.Debug|Any CPU.ActiveCfg = Debug|Any CPU
		{1248DBEE-DF23-4D09-8CC4-1D75BA08064A}.Debug|Any CPU.Build.0 = Debug|Any CPU
		{1248DBEE-DF23-4D09-8CC4-1D75BA08064A}.Release|Any CPU.ActiveCfg = Release|Any CPU
		{1248DBEE-DF23-4D09-8CC4-1D75BA08064A}.Release|Any CPU.Build.0 = Release|Any CPU
		{6EBBE4AB-1FB0-4F47-9420-EC46AC2A68C6}.Debug|Any CPU.ActiveCfg = Debug|Any CPU
		{6EBBE4AB-1FB0-4F47-9420-EC46AC2A68C6}.Debug|Any CPU.Build.0 = Debug|Any CPU
		{6EBBE4AB-1FB0-4F47-9420-EC46AC2A68C6}.Release|Any CPU.ActiveCfg = Release|Any CPU
		{6EBBE4AB-1FB0-4F47-9420-EC46AC2A68C6}.Release|Any CPU.Build.0 = Release|Any CPU
		{8A523857-0A62-4412-91B6-D80483C560DF}.Debug|Any CPU.ActiveCfg = Debug|Any CPU
		{8A523857-0A62-4412-91B6-D80483C560DF}.Debug|Any CPU.Build.0 = Debug|Any CPU
		{8A523857-0A62-4412-91B6-D80483C560DF}.Release|Any CPU.ActiveCfg = Release|Any CPU
		{8A523857-0A62-4412-91B6-D80483C560DF}.Release|Any CPU.Build.0 = Release|Any CPU
		{B1AEF5E5-A968-4E65-B431-3A4F8191C4B7}.Debug|Any CPU.ActiveCfg = Debug|Any CPU
		{B1AEF5E5-A968-4E65-B431-3A4F8191C4B7}.Debug|Any CPU.Build.0 = Debug|Any CPU
		{B1AEF5E5-A968-4E65-B431-3A4F8191C4B7}.Release|Any CPU.ActiveCfg = Release|Any CPU
		{B1AEF5E5-A968-4E65-B431-3A4F8191C4B7}.Release|Any CPU.Build.0 = Release|Any CPU
	EndGlobalSection
	GlobalSection(SolutionProperties) = preSolution
		HideSolutionNode = FALSE
	EndGlobalSection
	GlobalSection(NestedProjects) = preSolution
		{A6AA57AA-8250-47A6-AD7A-F72ECA186A2B} = {73285021-84A7-4D14-8626-269273587D5E}
		{1248DBEE-DF23-4D09-8CC4-1D75BA08064A} = {5C5C2290-CB31-4426-80A9-77BFFA0EAB5B}
		{6EBBE4AB-1FB0-4F47-9420-EC46AC2A68C6} = {6A7C0173-25BC-4AA2-92B6-E2865D21889E}
		{8A523857-0A62-4412-91B6-D80483C560DF} = {0063C7C9-737A-4A3D-B741-79336292AC7E}
		{B1AEF5E5-A968-4E65-B431-3A4F8191C4B7} = {9D54C1B8-C070-4796-BFF5-74EC6A15C118}
	EndGlobalSection
	GlobalSection(ExtensibilityGlobals) = postSolution
		SolutionGuid = {DB24A196-072B-4C26-A906-5F2C2763F13E}
	EndGlobalSection
EndGlobal
